
Microsoft Visual Studio Solution File, Format Version 12.00
# Visual Studio Version 17
VisualStudioVersion = 17.0.31919.166
MinimumVisualStudioVersion = 10.0.40219.1
Project("{9A19103F-16F7-4668-BE54-9A1E7A4F7556}") = "BlazorServerTimerLab1Net6", "BlazorServerTimerLab1Net6\BlazorServerTimerLab1Net6.csproj", "{2B4F7244-90FB-4CD1-A082-A40325F8DD10}"
EndProject
Project("{2150E333-8FDC-42A3-9474-1A3956D46DE8}") = "Solution Items", "Solution Items", "{52908C90-081D-40ED-A57D-85234F36D5F7}"
	ProjectSection(SolutionItems) = preProject
		README.md = README.md
	EndProjectSection
EndProject
Global
	GlobalSection(SolutionConfigurationPlatforms) = preSolution
		Debug|Any CPU = Debug|Any CPU
		Release|Any CPU = Release|Any CPU
	EndGlobalSection
	GlobalSection(ProjectConfigurationPlatforms) = postSolution
		{2B4F7244-90FB-4CD1-A082-A40325F8DD10}.Debug|Any CPU.ActiveCfg = Debug|Any CPU
		{2B4F7244-90FB-4CD1-A082-A40325F8DD10}.Debug|Any CPU.Build.0 = Debug|Any CPU
		{2B4F7244-90FB-4CD1-A082-A40325F8DD10}.Release|Any CPU.ActiveCfg = Release|Any CPU
		{2B4F7244-90FB-4CD1-A082-A40325F8DD10}.Release|Any CPU.Build.0 = Release|Any CPU
	EndGlobalSection
	GlobalSection(SolutionProperties) = preSolution
		HideSolutionNode = FALSE
	EndGlobalSection
	GlobalSection(ExtensibilityGlobals) = postSolution
		SolutionGuid = {995CF156-4964-40E7-8A6D-750C959F95AF}
	EndGlobalSection
EndGlobal
